{
  "name": "api",
  "lockfileVersion": 2,
  "requires": true,
  "packages": {
    "": {
      "dependencies": {
        "axios": "^0.25.0",
        "badge-maker": "^3.3.1"
      }
    },
    "node_modules/anafanafo": {
      "version": "2.0.0",
      "resolved": "https://registry.npmmirror.com/anafanafo/download/anafanafo-2.0.0.tgz",
      "integrity": "sha1-Q/VidGgLxVPdZ6liWpIPiNAFe1w=",
      "dependencies": {
        "char-width-table-consumer": "^1.0.0"
      }
    },
    "node_modules/axios": {
      "version": "0.25.0",
      "resolved": "https://registry.npmmirror.com/axios/download/axios-0.25.0.tgz",
      "integrity": "sha512-cD8FOb0tRH3uuEe6+evtAbgJtfxr7ly3fQjYcMcuPlgkwVS9xboaVIpcDV+cYQe+yGykgwZCs1pzjntcGa6l5g==",
      "dependencies": {
        "follow-redirects": "^1.14.7"
      }
    },
    "node_modules/badge-maker": {
      "version": "3.3.1",
      "resolved": "https://registry.npmmirror.com/badge-maker/download/badge-maker-3.3.1.tgz",
      "integrity": "sha1-3xyy1ZQ/JXQGcvN6lVmNm6KxCck=",
      "dependencies": {
        "anafanafo": "2.0.0",
        "css-color-converter": "^2.0.0"
      },
      "bin": {
        "badge": "lib/badge-cli.js"
      },
      "engines": {
        "node": ">= 10",
        "npm": ">= 5"
      }
    },
    "node_modules/binary-search": {
      "version": "1.3.6",
      "resolved": "https://registry.npmmirror.com/binary-search/download/binary-search-1.3.6.tgz",
      "integrity": "sha1-4yQmAWoMUJLw81mINqHH2jVgVlw="
    },
    "node_modules/char-width-table-consumer": {
      "version": "1.0.0",
      "resolved": "https://registry.npmmirror.com/char-width-table-consumer/download/char-width-table-consumer-1.0.0.tgz",
      "integrity": "sha1-u0TM0bo+1PzbBi4ih2chhYp2l6g=",
      "dependencies": {
        "binary-search": "^1.3.5"
      }
    },
    "node_modules/color-convert": {
      "version": "0.5.3",
      "resolved": "https://registry.npmmirror.com/color-convert/download/color-convert-0.5.3.tgz",
      "integrity": "sha1-vbbGnOZg+t/+CwAHzER+G59ygr0="
    },
    "node_modules/color-name": {
      "version": "1.1.4",
      "resolved": "https://registry.npmmirror.com/color-name/download/color-name-1.1.4.tgz",
      "integrity": "sha1-wqCah6y95pVD3m9j+jmVyCbFNqI="
    },
    "node_modules/css-color-converter": {
      "version": "2.0.0",
      "resolved": "https://registry.npmmirror.com/css-color-converter/download/css-color-converter-2.0.0.tgz",
      "integrity": "sha1-cMAPpFGhlnXigI8o3pvjYMhNtfs=",
      "dependencies": {
        "color-convert": "^0.5.2",
        "color-name": "^1.1.4",
        "css-unit-converter": "^1.1.2"
      }
    },
    "node_modules/css-unit-converter": {
      "version": "1.1.2",
      "resolved": "https://registry.npmmirror.com/css-unit-converter/download/css-unit-converter-1.1.2.tgz",
      "integrity": "sha1-THf1oZVObb/2BpXsshTjJwQ2qyE="
    },
    "node_modules/follow-redirects": {
      "version": "1.14.7",
      "resolved": "https://registry.npmmirror.com/follow-redirects/download/follow-redirects-1.14.7.tgz",
      "integrity": "sha512-+hbxoLbFMbRKDwohX8GkTataGqO6Jb7jGwpAlwgy2bIz25XtRm7KEzJM76R1WiNT5SwZkX4Y75SwBolkpmE7iQ==",
      "engines": {
        "node": ">=4.0"
      },
      "peerDependenciesMeta": {
        "debug": {
          "optional": true
        }
      }
    }
  },
  "dependencies": {
    "anafanafo": {
      "version": "2.0.0",
      "resolved": "https://registry.npmmirror.com/anafanafo/download/anafanafo-2.0.0.tgz",
      "integrity": "sha1-Q/VidGgLxVPdZ6liWpIPiNAFe1w=",
      "requires": {
        "char-width-table-consumer": "^1.0.0"
      }
    },
    "axios": {
      "version": "0.25.0",
      "resolved": "https://registry.npmmirror.com/axios/download/axios-0.25.0.tgz",
      "integrity": "sha512-cD8FOb0tRH3uuEe6+evtAbgJtfxr7ly3fQjYcMcuPlgkwVS9xboaVIpcDV+cYQe+yGykgwZCs1pzjntcGa6l5g==",
      "requires": {
        "follow-redirects": "^1.14.7"
      }
    },
    "badge-maker": {
      "version": "3.3.1",
      "resolved": "https://registry.npmmirror.com/badge-maker/download/badge-maker-3.3.1.tgz",
      "integrity": "sha1-3xyy1ZQ/JXQGcvN6lVmNm6KxCck=",
      "requires": {
        "anafanafo": "2.0.0",
        "css-color-converter": "^2.0.0"
      }
    },
    "binary-search": {
      "version": "1.3.6",
      "resolved": "https://registry.npmmirror.com/binary-search/download/binary-search-1.3.6.tgz",
      "integrity": "sha1-4yQmAWoMUJLw81mINqHH2jVgVlw="
    },
    "char-width-table-consumer": {
      "version": "1.0.0",
      "resolved": "https://registry.npmmirror.com/char-width-table-consumer/download/char-width-table-consumer-1.0.0.tgz",
      "integrity": "sha1-u0TM0bo+1PzbBi4ih2chhYp2l6g=",
      "requires": {
        "binary-search": "^1.3.5"
      }
    },
    "color-convert": {
      "version": "0.5.3",
      "resolved": "https://registry.npmmirror.com/color-convert/download/color-convert-0.5.3.tgz",
      "integrity": "sha1-vbbGnOZg+t/+CwAHzER+G59ygr0="
    },
    "color-name": {
      "version": "1.1.4",
      "resolved": "https://registry.npmmirror.com/color-name/download/color-name-1.1.4.tgz",
      "integrity": "sha1-wqCah6y95pVD3m9j+jmVyCbFNqI="
    },
    "css-color-converter": {
      "version": "2.0.0",
      "resolved": "https://registry.npmmirror.com/css-color-converter/download/css-color-converter-2.0.0.tgz",
      "integrity": "sha1-cMAPpFGhlnXigI8o3pvjYMhNtfs=",
      "requires": {
        "color-convert": "^0.5.2",
        "color-name": "^1.1.4",
        "css-unit-converter": "^1.1.2"
      }
    },
    "css-unit-converter": {
      "version": "1.1.2",
      "resolved": "https://registry.npmmirror.com/css-unit-converter/download/css-unit-converter-1.1.2.tgz",
      "integrity": "sha1-THf1oZVObb/2BpXsshTjJwQ2qyE="
    },
    "follow-redirects": {
      "version": "1.14.7",
      "resolved": "https://registry.npmmirror.com/follow-redirects/download/follow-redirects-1.14.7.tgz",
      "integrity": "sha512-+hbxoLbFMbRKDwohX8GkTataGqO6Jb7jGwpAlwgy2bIz25XtRm7KEzJM76R1WiNT5SwZkX4Y75SwBolkpmE7iQ=="
    }
  }
}
